
Microsoft Visual Studio Solution File, Format Version 12.00
# Visual Studio Version 16
VisualStudioVersion = 16.0.31112.23
MinimumVisualStudioVersion = 10.0.40219.1
Project("{FAE04EC0-301F-11D3-BF4B-00C04F79EFBC}") = "Inheritance", "Inheritance\Inheritance.csproj", "{814364CF-88AB-45C0-89AE-45D85FA3758A}"
EndProject
Global
	GlobalSection(SolutionConfigurationPlatforms) = preSolution
		Debug|Any CPU = Debug|Any CPU
		Release|Any CPU = Release|Any CPU
	EndGlobalSection
	GlobalSection(ProjectConfigurationPlatforms) = postSolution
		{814364CF-88AB-45C0-89AE-45D85FA3758A}.Debug|Any CPU.ActiveCfg = Debug|Any CPU
		{814364CF-88AB-45C0-89AE-45D85FA3758A}.Debug|Any CPU.Build.0 = Debug|Any CPU
		{814364CF-88AB-45C0-89AE-45D85FA3758A}.Release|Any CPU.ActiveCfg = Release|Any CPU
		{814364CF-88AB-45C0-89AE-45D85FA3758A}.Release|Any CPU.Build.0 = Release|Any CPU
	EndGlobalSection
	GlobalSection(SolutionProperties) = preSolution
		HideSolutionNode = FALSE
	EndGlobalSection
	GlobalSection(ExtensibilityGlobals) = postSolution
		SolutionGuid = {1BB39545-3EE7-4A73-A024-75260B3962A0}
	EndGlobalSection
EndGlobal
